<?xml version="1.0" encoding="utf-8"?>
<Project ToolsVersion="4.0" xmlns="http://schemas.microsoft.com/developer/msbuild/2003">
  <ItemGroup>
    <Filter Include="Source Files">
      <UniqueIdentifier>{4FC737F1-C7A5-4376-A066-2A32D752A2FF}</UniqueIdentifier>
      <Extensions>cpp;c;cc;cxx;c++;cppm;ixx;def;odl;idl;hpj;bat;asm;asmx</Extensions>
    </Filter>
    <Filter Include="Header Files">
      <UniqueIdentifier>{93995380-89BD-4b04-88EB-625FBE52EBFB}</UniqueIdentifier>
      <Extensions>h;hh;hpp;hxx;h++;hm;inl;inc;ipp;xsd</Extensions>
    </Filter>
    <Filter Include="Resource Files">
      <UniqueIdentifier>{67DA6AB6-F800-4c08-8B7A-83BB121AAD01}</UniqueIdentifier>
      <Extensions>rc;ico;cur;bmp;dlg;rc2;rct;bin;rgs;gif;jpg;jpeg;jpe;resx;tiff;tif;png;wav;mfcribbon-ms</Extensions>
    </Filter>
    <Filter Include="Header Files\ImGui">
      <UniqueIdentifier>{dde88ac1-65f5-4875-9b79-bca3da39d210}</UniqueIdentifier>
    </Filter>
    <Filter Include="Source Files\ImGui">
      <UniqueIdentifier>{56d4a477-ee3e-417e-b884-73f7ed6fd52c}</UniqueIdentifier>
    </Filter>
    <Filter Include="Header Files\AppCore">
      <UniqueIdentifier>{274b1f32-0a2d-4501-a84d-271f3ef062bb}</UniqueIdentifier>
    </Filter>
    <Filter Include="Header Files\GameEnCore">
      <UniqueIdentifier>{1e8e08bd-6af2-4cc8-bfbf-201af1f84cad}</UniqueIdentifier>
    </Filter>
    <Filter Include="Source Files\GameEnCore">
      <UniqueIdentifier>{e2921866-1c8f-4ec7-a3a0-e8013423e809}</UniqueIdentifier>
    </Filter>
    <Filter Include="Source Files\AppCore">
      <UniqueIdentifier>{bffc5861-48f6-4a17-8fd8-fde264973226}</UniqueIdentifier>
    </Filter>
    <Filter Include="Header Files\Editable">
      <UniqueIdentifier>{7d3c1a81-d9e2-4f47-bc89-b025de346469}</UniqueIdentifier>
    </Filter>
    <Filter Include="Source Files\Editable">
      <UniqueIdentifier>{1730a68b-45a1-4a5c-9415-8379864d6d8b}</UniqueIdentifier>
    </Filter>
    <Filter Include="Source Files\Additional Classes">
      <UniqueIdentifier>{e13881dd-8f6b-4e32-a40d-d7180c90c665}</UniqueIdentifier>
    </Filter>
    <Filter Include="Header Files\GameEnCore\Core Additions">
      <UniqueIdentifier>{e4f7968d-2f22-4e01-94ff-ad3266ab4730}</UniqueIdentifier>
    </Filter>
    <Filter Include="Source Files\GameEnCore\Core Additions">
      <UniqueIdentifier>{84ca2bfa-b9cb-4597-a171-47cc6739b125}</UniqueIdentifier>
    </Filter>
  </ItemGroup>
  <ItemGroup>
    <ClCompile Include="Entity.cpp">
      <Filter>Source Files\GameEnCore</Filter>
    </ClCompile>
    <ClCompile Include="Log.cpp">
      <Filter>Source Files\GameEnCore</Filter>
    </ClCompile>
    <ClCompile Include="Resource_Manager.cpp">
      <Filter>Source Files\GameEnCore</Filter>
    </ClCompile>
    <ClCompile Include="imgui\imgui.cpp">
      <Filter>Source Files\ImGui</Filter>
    </ClCompile>
    <ClCompile Include="imgui\imgui_draw.cpp">
      <Filter>Source Files\ImGui</Filter>
    </ClCompile>
    <ClCompile Include="imgui\imgui_tables.cpp">
      <Filter>Source Files\ImGui</Filter>
    </ClCompile>
    <ClCompile Include="imgui\imgui_widgets.cpp">
      <Filter>Source Files\ImGui</Filter>
    </ClCompile>
    <ClCompile Include="imgui\imgui-SFML.cpp">
      <Filter>Source Files\ImGui</Filter>
    </ClCompile>
    <ClCompile Include="Application.cpp">
      <Filter>Source Files\AppCore</Filter>
    </ClCompile>
    <ClCompile Include="Core.cpp">
      <Filter>Source Files\AppCore</Filter>
    </ClCompile>
    <ClCompile Include="Systems.cpp">
      <Filter>Source Files\Editable</Filter>
    </ClCompile>
    <ClCompile Include="Scenes.cpp">
      <Filter>Source Files\Editable</Filter>
    </ClCompile>
    <ClCompile Include="Scene2D.cpp">
      <Filter>Source Files\GameEnCore\Core Additions</Filter>
    </ClCompile>
    <ClCompile Include="Entity2D.cpp">
      <Filter>Source Files\GameEnCore\Core Additions</Filter>
    </ClCompile>
    <ClCompile Include="Config.cpp">
      <Filter>Source Files</Filter>
    </ClCompile>
    <ClCompile Include="PlayerController.cpp">
      <Filter>Source Files\GameEnCore\Core Additions</Filter>
    </ClCompile>
    <ClCompile Include="Camera.cpp">
      <Filter>Source Files\GameEnCore\Core Additions</Filter>
    </ClCompile>
    <ClCompile Include="Player.cpp">
      <Filter>Source Files\GameEnCore\Core Additions</Filter>
    </ClCompile>
    <ClCompile Include="Map.cpp">
      <Filter>Source Files\GameEnCore\Core Additions</Filter>
    </ClCompile>
    <ClCompile Include="DDAScene.h">
      <Filter>Header Files\GameEnCore\Core Additions</Filter>
    </ClCompile>
    <ClCompile Include="main.cpp">
      <Filter>Source Files</Filter>
    </ClCompile>
    <ClCompile Include="Scene.cpp">
      <Filter>Source Files\AppCore</Filter>
    </ClCompile>
  </ItemGroup>
  <ItemGroup>
    <ClInclude Include="resource.h">
      <Filter>Header Files</Filter>
    </ClInclude>
    <ClInclude Include="Tile.h">
      <Filter>Header Files</Filter>
    </ClInclude>
    <ClInclude Include="Entity.h">
      <Filter>Header Files\GameEnCore</Filter>
    </ClInclude>
    <ClInclude Include="Log.h">
      <Filter>Header Files\GameEnCore</Filter>
    </ClInclude>
    <ClInclude Include="Resource_Manager.h">
      <Filter>Header Files\GameEnCore</Filter>
    </ClInclude>
    <ClInclude Include="imgui\imconfig.h">
      <Filter>Header Files\ImGui</Filter>
    </ClInclude>
    <ClInclude Include="imgui\imconfig-SFML.h">
      <Filter>Header Files\ImGui</Filter>
    </ClInclude>
    <ClInclude Include="imgui\imgui.h">
      <Filter>Header Files\ImGui</Filter>
    </ClInclude>
    <ClInclude Include="imgui\imgui_internal.h">
      <Filter>Header Files\ImGui</Filter>
    </ClInclude>
    <ClInclude Include="imgui\imgui-SFML.h">
      <Filter>Header Files\ImGui</Filter>
    </ClInclude>
    <ClInclude Include="imgui\imgui-SFML_export.h">
      <Filter>Header Files\ImGui</Filter>
    </ClInclude>
    <ClInclude Include="imgui\imstb_rectpack.h">
      <Filter>Header Files\ImGui</Filter>
    </ClInclude>
    <ClInclude Include="imgui\imstb_textedit.h">
      <Filter>Header Files\ImGui</Filter>
    </ClInclude>
    <ClInclude Include="imgui\imstb_truetype.h">
      <Filter>Header Files\ImGui</Filter>
    </ClInclude>
    <ClInclude Include="Actor.h">
      <Filter>Header Files\GameEnCore</Filter>
    </ClInclude>
    <ClInclude Include="Core.h">
      <Filter>Header Files\AppCore</Filter>
    </ClInclude>
    <ClInclude Include="Scene.h">
      <Filter>Header Files\AppCore</Filter>
    </ClInclude>
    <ClInclude Include="Application.h">
      <Filter>Header Files\AppCore</Filter>
    </ClInclude>
    <ClInclude Include="SFMLMath-master\src\SFMLMath.hpp">
      <Filter>Header Files\GameEnCore</Filter>
    </ClInclude>
    <ClInclude Include="System.h">
      <Filter>Header Files\GameEnCore</Filter>
    </ClInclude>
    <ClInclude Include="Systems.h">
      <Filter>Header Files\Editable</Filter>
    </ClInclude>
    <ClInclude Include="Components.h">
      <Filter>Header Files\Editable</Filter>
    </ClInclude>
    <ClInclude Include="Scenes.h">
      <Filter>Header Files\Editable</Filter>
    </ClInclude>
    <ClInclude Include="Scene2D.h">
      <Filter>Header Files\GameEnCore\Core Additions</Filter>
    </ClInclude>
    <ClInclude Include="Entity2D.h">
      <Filter>Header Files\GameEnCore\Core Additions</Filter>
    </ClInclude>
    <ClInclude Include="CoreComponents.h">
      <Filter>Header Files\GameEnCore\Core Additions</Filter>
    </ClInclude>
    <ClInclude Include="Config.h">
      <Filter>Header Files</Filter>
    </ClInclude>
    <ClInclude Include="PlayerController.h">
      <Filter>Header Files\GameEnCore\Core Additions</Filter>
    </ClInclude>
    <ClInclude Include="Camera.h">
      <Filter>Header Files\GameEnCore\Core Additions</Filter>
    </ClInclude>
    <ClInclude Include="Player.h">
      <Filter>Header Files\GameEnCore\Core Additions</Filter>
    </ClInclude>
    <ClInclude Include="RaycastUtils.h">
      <Filter>Header Files\GameEnCore</Filter>
    </ClInclude>
    <ClInclude Include="Map.h">
      <Filter>Header Files\GameEnCore\Core Additions</Filter>
    </ClInclude>
    <ClInclude Include="imguiDock-master\imgui_dock.h">
      <Filter>Header Files</Filter>
    </ClInclude>
  </ItemGroup>
  <ItemGroup>
    <ResourceCompile Include="Cast_A_Ray.rc">
      <Filter>Resource Files</Filter>
    </ResourceCompile>
  </ItemGroup>
  <ItemGroup>
    <Image Include="..\..\..\Downloads\casta.ico">
      <Filter>Resource Files</Filter>
    </Image>
  </ItemGroup>
  <ItemGroup>
    <Font Include="CourierPrime-Regular.ttf">
      <Filter>Resource Files</Filter>
    </Font>
  </ItemGroup>
  <ItemGroup>
    <None Include="Config.json" />
  </ItemGroup>
</Project>